
Microsoft Visual Studio Solution File, Format Version 12.00
# Visual Studio Version 17
VisualStudioVersion = 17.5.002.0
MinimumVisualStudioVersion = 10.0.40219.1
Project("{2150E333-8FDC-42A3-9474-1A3956D46DE8}") = "prepare", "prepare", "{014D0652-9934-47C1-B003-89546EE82E6E}"
EndProject
Project("{9A19103F-16F7-4668-BE54-9A1E7A4F7556}") = "Learning02", "prepare\Learning02\Learning02.csproj", "{0A5BA463-EF6E-4989-B23C-8B6F5F10AE53}"
EndProject
Project("{9A19103F-16F7-4668-BE54-9A1E7A4F7556}") = "Learning05", "prepare\Learning05\Learning05.csproj", "{6D9FBCA9-1F3C-4AEE-94C3-CF8885E13DCE}"
EndProject
Project("{9A19103F-16F7-4668-BE54-9A1E7A4F7556}") = "Learning04", "prepare\Learning04\Learning04.csproj", "{1E43BC4D-AE87-4DEF-BA8D-34553731CB5C}"
EndProject
Project("{9A19103F-16F7-4668-BE54-9A1E7A4F7556}") = "Learning03", "prepare\Learning03\Learning03.csproj", "{AC01D773-ED3D-4A4B-BDAE-E2C8757BC3D0}"
EndProject
Project("{2150E333-8FDC-42A3-9474-1A3956D46DE8}") = "prove", "prove", "{EBDBDB53-C7F6-426E-8DDD-664CB88C1A97}"
EndProject
Project("{9A19103F-16F7-4668-BE54-9A1E7A4F7556}") = "Develop03", "prove\Develop03\Develop03.csproj", "{4DE85877-0006-4C46-8325-D705E2C98629}"
EndProject
Project("{9A19103F-16F7-4668-BE54-9A1E7A4F7556}") = "Develop04", "prove\Develop04\Develop04.csproj", "{92302D90-E6BE-45FF-8A86-1C9A7ABAB3C5}"
EndProject
Project("{9A19103F-16F7-4668-BE54-9A1E7A4F7556}") = "Develop05", "prove\Develop05\Develop05.csproj", "{A4D8CD07-C88A-4048-9718-28AA21BEA4D0}"
EndProject
Project("{9A19103F-16F7-4668-BE54-9A1E7A4F7556}") = "Develop02", "prove\Develop02\Develop02.csproj", "{4B3CE6C4-037E-42E0-A64A-30F0A11E7BE1}"
EndProject
Project("{2150E333-8FDC-42A3-9474-1A3956D46DE8}") = "sandbox", "sandbox", "{9D5DE922-939B-452E-84ED-E6DE64C808F0}"
EndProject
Project("{9A19103F-16F7-4668-BE54-9A1E7A4F7556}") = "Sandbox", "sandbox\Sandbox\Sandbox.csproj", "{12A3968E-2AFE-49FC-BF03-77DE3C8C8247}"
EndProject
Project("{2150E333-8FDC-42A3-9474-1A3956D46DE8}") = "final", "final", "{370B9B4C-C75E-434B-806C-DE93D4C7B115}"
EndProject
Project("{9A19103F-16F7-4668-BE54-9A1E7A4F7556}") = "FinalProject", "final\FinalProject\FinalProject.csproj", "{658CE26D-8743-43BF-ACF8-49782CEB2613}"
EndProject
Project("{9A19103F-16F7-4668-BE54-9A1E7A4F7556}") = "Foundation1", "final\Foundation1\Foundation1.csproj", "{26DB4D26-3238-4977-89F9-5AC5F7238370}"
EndProject
Project("{9A19103F-16F7-4668-BE54-9A1E7A4F7556}") = "Foundation4", "final\Foundation4\Foundation4.csproj", "{D3345DC3-2F07-4A3C-89CE-6D83AA94559B}"
EndProject
Project("{9A19103F-16F7-4668-BE54-9A1E7A4F7556}") = "Foundation3", "final\Foundation3\Foundation3.csproj", "{414972D4-E366-42B3-AF3F-69400D1F6555}"
EndProject
Project("{9A19103F-16F7-4668-BE54-9A1E7A4F7556}") = "Foundation2", "final\Foundation2\Foundation2.csproj", "{E4A85ABC-A4BB-465E-B444-0ABA26CE9B12}"
EndProject
Project("{2150E333-8FDC-42A3-9474-1A3956D46DE8}") = "csharp-prep", "csharp-prep", "{0C875496-1ED3-4ABD-8E66-B2D98098113E}"
EndProject
Project("{9A19103F-16F7-4668-BE54-9A1E7A4F7556}") = "Prep1", "csharp-prep\Prep1\Prep1.csproj", "{52BE1909-31F3-49AE-AA0D-15823EFFED54}"
EndProject
Project("{9A19103F-16F7-4668-BE54-9A1E7A4F7556}") = "Prep5", "csharp-prep\Prep5\Prep5.csproj", "{3F3B932E-6E24-4995-9E0C-4449CE03CBEA}"
EndProject
Project("{9A19103F-16F7-4668-BE54-9A1E7A4F7556}") = "Prep2", "csharp-prep\Prep2\Prep2.csproj", "{18C91F38-3901-4552-9349-E1C15B272416}"
EndProject
Project("{9A19103F-16F7-4668-BE54-9A1E7A4F7556}") = "Prep3", "csharp-prep\Prep3\Prep3.csproj", "{7D865176-2DF0-4119-A02D-16F1D5BD7D15}"
EndProject
Project("{9A19103F-16F7-4668-BE54-9A1E7A4F7556}") = "Prep4", "csharp-prep\Prep4\Prep4.csproj", "{34431FB5-DE7D-419B-ACC9-C49A4E873BBD}"
EndProject
Global
	GlobalSection(SolutionConfigurationPlatforms) = preSolution
		Debug|Any CPU = Debug|Any CPU
		Release|Any CPU = Release|Any CPU
	EndGlobalSection
	GlobalSection(ProjectConfigurationPlatforms) = postSolution
		{0A5BA463-EF6E-4989-B23C-8B6F5F10AE53}.Debug|Any CPU.ActiveCfg = Debug|Any CPU
		{0A5BA463-EF6E-4989-B23C-8B6F5F10AE53}.Debug|Any CPU.Build.0 = Debug|Any CPU
		{0A5BA463-EF6E-4989-B23C-8B6F5F10AE53}.Release|Any CPU.ActiveCfg = Release|Any CPU
		{0A5BA463-EF6E-4989-B23C-8B6F5F10AE53}.Release|Any CPU.Build.0 = Release|Any CPU
		{6D9FBCA9-1F3C-4AEE-94C3-CF8885E13DCE}.Debug|Any CPU.ActiveCfg = Debug|Any CPU
		{6D9FBCA9-1F3C-4AEE-94C3-CF8885E13DCE}.Debug|Any CPU.Build.0 = Debug|Any CPU
		{6D9FBCA9-1F3C-4AEE-94C3-CF8885E13DCE}.Release|Any CPU.ActiveCfg = Release|Any CPU
		{6D9FBCA9-1F3C-4AEE-94C3-CF8885E13DCE}.Release|Any CPU.Build.0 = Release|Any CPU
		{1E43BC4D-AE87-4DEF-BA8D-34553731CB5C}.Debug|Any CPU.ActiveCfg = Debug|Any CPU
		{1E43BC4D-AE87-4DEF-BA8D-34553731CB5C}.Debug|Any CPU.Build.0 = Debug|Any CPU
		{1E43BC4D-AE87-4DEF-BA8D-34553731CB5C}.Release|Any CPU.ActiveCfg = Release|Any CPU
		{1E43BC4D-AE87-4DEF-BA8D-34553731CB5C}.Release|Any CPU.Build.0 = Release|Any CPU
		{AC01D773-ED3D-4A4B-BDAE-E2C8757BC3D0}.Debug|Any CPU.ActiveCfg = Debug|Any CPU
		{AC01D773-ED3D-4A4B-BDAE-E2C8757BC3D0}.Debug|Any CPU.Build.0 = Debug|Any CPU
		{AC01D773-ED3D-4A4B-BDAE-E2C8757BC3D0}.Release|Any CPU.ActiveCfg = Release|Any CPU
		{AC01D773-ED3D-4A4B-BDAE-E2C8757BC3D0}.Release|Any CPU.Build.0 = Release|Any CPU
		{4DE85877-0006-4C46-8325-D705E2C98629}.Debug|Any CPU.ActiveCfg = Debug|Any CPU
		{4DE85877-0006-4C46-8325-D705E2C98629}.Debug|Any CPU.Build.0 = Debug|Any CPU
		{4DE85877-0006-4C46-8325-D705E2C98629}.Release|Any CPU.ActiveCfg = Release|Any CPU
		{4DE85877-0006-4C46-8325-D705E2C98629}.Release|Any CPU.Build.0 = Release|Any CPU
		{92302D90-E6BE-45FF-8A86-1C9A7ABAB3C5}.Debug|Any CPU.ActiveCfg = Debug|Any CPU
		{92302D90-E6BE-45FF-8A86-1C9A7ABAB3C5}.Debug|Any CPU.Build.0 = Debug|Any CPU
		{92302D90-E6BE-45FF-8A86-1C9A7ABAB3C5}.Release|Any CPU.ActiveCfg = Release|Any CPU
		{92302D90-E6BE-45FF-8A86-1C9A7ABAB3C5}.Release|Any CPU.Build.0 = Release|Any CPU
		{A4D8CD07-C88A-4048-9718-28AA21BEA4D0}.Debug|Any CPU.ActiveCfg = Debug|Any CPU
		{A4D8CD07-C88A-4048-9718-28AA21BEA4D0}.Debug|Any CPU.Build.0 = Debug|Any CPU
		{A4D8CD07-C88A-4048-9718-28AA21BEA4D0}.Release|Any CPU.ActiveCfg = Release|Any CPU
		{A4D8CD07-C88A-4048-9718-28AA21BEA4D0}.Release|Any CPU.Build.0 = Release|Any CPU
		{4B3CE6C4-037E-42E0-A64A-30F0A11E7BE1}.Debug|Any CPU.ActiveCfg = Debug|Any CPU
		{4B3CE6C4-037E-42E0-A64A-30F0A11E7BE1}.Debug|Any CPU.Build.0 = Debug|Any CPU
		{4B3CE6C4-037E-42E0-A64A-30F0A11E7BE1}.Release|Any CPU.ActiveCfg = Release|Any CPU
		{4B3CE6C4-037E-42E0-A64A-30F0A11E7BE1}.Release|Any CPU.Build.0 = Release|Any CPU
		{12A3968E-2AFE-49FC-BF03-77DE3C8C8247}.Debug|Any CPU.ActiveCfg = Debug|Any CPU
		{12A3968E-2AFE-49FC-BF03-77DE3C8C8247}.Debug|Any CPU.Build.0 = Debug|Any CPU
		{12A3968E-2AFE-49FC-BF03-77DE3C8C8247}.Release|Any CPU.ActiveCfg = Release|Any CPU
		{12A3968E-2AFE-49FC-BF03-77DE3C8C8247}.Release|Any CPU.Build.0 = Release|Any CPU
		{658CE26D-8743-43BF-ACF8-49782CEB2613}.Debug|Any CPU.ActiveCfg = Debug|Any CPU
		{658CE26D-8743-43BF-ACF8-49782CEB2613}.Debug|Any CPU.Build.0 = Debug|Any CPU
		{658CE26D-8743-43BF-ACF8-49782CEB2613}.Release|Any CPU.ActiveCfg = Release|Any CPU
		{658CE26D-8743-43BF-ACF8-49782CEB2613}.Release|Any CPU.Build.0 = Release|Any CPU
		{26DB4D26-3238-4977-89F9-5AC5F7238370}.Debug|Any CPU.ActiveCfg = Debug|Any CPU
		{26DB4D26-3238-4977-89F9-5AC5F7238370}.Debug|Any CPU.Build.0 = Debug|Any CPU
		{26DB4D26-3238-4977-89F9-5AC5F7238370}.Release|Any CPU.ActiveCfg = Release|Any CPU
		{26DB4D26-3238-4977-89F9-5AC5F7238370}.Release|Any CPU.Build.0 = Release|Any CPU
		{D3345DC3-2F07-4A3C-89CE-6D83AA94559B}.Debug|Any CPU.ActiveCfg = Debug|Any CPU
		{D3345DC3-2F07-4A3C-89CE-6D83AA94559B}.Debug|Any CPU.Build.0 = Debug|Any CPU
		{D3345DC3-2F07-4A3C-89CE-6D83AA94559B}.Release|Any CPU.ActiveCfg = Release|Any CPU
		{D3345DC3-2F07-4A3C-89CE-6D83AA94559B}.Release|Any CPU.Build.0 = Release|Any CPU
		{414972D4-E366-42B3-AF3F-69400D1F6555}.Debug|Any CPU.ActiveCfg = Debug|Any CPU
		{414972D4-E366-42B3-AF3F-69400D1F6555}.Debug|Any CPU.Build.0 = Debug|Any CPU
		{414972D4-E366-42B3-AF3F-69400D1F6555}.Release|Any CPU.ActiveCfg = Release|Any CPU
		{414972D4-E366-42B3-AF3F-69400D1F6555}.Release|Any CPU.Build.0 = Release|Any CPU
		{E4A85ABC-A4BB-465E-B444-0ABA26CE9B12}.Debug|Any CPU.ActiveCfg = Debug|Any CPU
		{E4A85ABC-A4BB-465E-B444-0ABA26CE9B12}.Debug|Any CPU.Build.0 = Debug|Any CPU
		{E4A85ABC-A4BB-465E-B444-0ABA26CE9B12}.Release|Any CPU.ActiveCfg = Release|Any CPU
		{E4A85ABC-A4BB-465E-B444-0ABA26CE9B12}.Release|Any CPU.Build.0 = Release|Any CPU
		{52BE1909-31F3-49AE-AA0D-15823EFFED54}.Debug|Any CPU.ActiveCfg = Debug|Any CPU
		{52BE1909-31F3-49AE-AA0D-15823EFFED54}.Debug|Any CPU.Build.0 = Debug|Any CPU
		{52BE1909-31F3-49AE-AA0D-15823EFFED54}.Release|Any CPU.ActiveCfg = Release|Any CPU
		{52BE1909-31F3-49AE-AA0D-15823EFFED54}.Release|Any CPU.Build.0 = Release|Any CPU
		{3F3B932E-6E24-4995-9E0C-4449CE03CBEA}.Debug|Any CPU.ActiveCfg = Debug|Any CPU
		{3F3B932E-6E24-4995-9E0C-4449CE03CBEA}.Debug|Any CPU.Build.0 = Debug|Any CPU
		{3F3B932E-6E24-4995-9E0C-4449CE03CBEA}.Release|Any CPU.ActiveCfg = Release|Any CPU
		{3F3B932E-6E24-4995-9E0C-4449CE03CBEA}.Release|Any CPU.Build.0 = Release|Any CPU
		{18C91F38-3901-4552-9349-E1C15B272416}.Debug|Any CPU.ActiveCfg = Debug|Any CPU
		{18C91F38-3901-4552-9349-E1C15B272416}.Debug|Any CPU.Build.0 = Debug|Any CPU
		{18C91F38-3901-4552-9349-E1C15B272416}.Release|Any CPU.ActiveCfg = Release|Any CPU
		{18C91F38-3901-4552-9349-E1C15B272416}.Release|Any CPU.Build.0 = Release|Any CPU
		{7D865176-2DF0-4119-A02D-16F1D5BD7D15}.Debug|Any CPU.ActiveCfg = Debug|Any CPU
		{7D865176-2DF0-4119-A02D-16F1D5BD7D15}.Debug|Any CPU.Build.0 = Debug|Any CPU
		{7D865176-2DF0-4119-A02D-16F1D5BD7D15}.Release|Any CPU.ActiveCfg = Release|Any CPU
		{7D865176-2DF0-4119-A02D-16F1D5BD7D15}.Release|Any CPU.Build.0 = Release|Any CPU
		{34431FB5-DE7D-419B-ACC9-C49A4E873BBD}.Debug|Any CPU.ActiveCfg = Debug|Any CPU
		{34431FB5-DE7D-419B-ACC9-C49A4E873BBD}.Debug|Any CPU.Build.0 = Debug|Any CPU
		{34431FB5-DE7D-419B-ACC9-C49A4E873BBD}.Release|Any CPU.ActiveCfg = Release|Any CPU
		{34431FB5-DE7D-419B-ACC9-C49A4E873BBD}.Release|Any CPU.Build.0 = Release|Any CPU
	EndGlobalSection
	GlobalSection(SolutionProperties) = preSolution
		HideSolutionNode = FALSE
	EndGlobalSection
	GlobalSection(NestedProjects) = preSolution
		{0A5BA463-EF6E-4989-B23C-8B6F5F10AE53} = {014D0652-9934-47C1-B003-89546EE82E6E}
		{6D9FBCA9-1F3C-4AEE-94C3-CF8885E13DCE} = {014D0652-9934-47C1-B003-89546EE82E6E}
		{1E43BC4D-AE87-4DEF-BA8D-34553731CB5C} = {014D0652-9934-47C1-B003-89546EE82E6E}
		{AC01D773-ED3D-4A4B-BDAE-E2C8757BC3D0} = {014D0652-9934-47C1-B003-89546EE82E6E}
		{4DE85877-0006-4C46-8325-D705E2C98629} = {EBDBDB53-C7F6-426E-8DDD-664CB88C1A97}
		{92302D90-E6BE-45FF-8A86-1C9A7ABAB3C5} = {EBDBDB53-C7F6-426E-8DDD-664CB88C1A97}
		{A4D8CD07-C88A-4048-9718-28AA21BEA4D0} = {EBDBDB53-C7F6-426E-8DDD-664CB88C1A97}
		{4B3CE6C4-037E-42E0-A64A-30F0A11E7BE1} = {EBDBDB53-C7F6-426E-8DDD-664CB88C1A97}
		{12A3968E-2AFE-49FC-BF03-77DE3C8C8247} = {9D5DE922-939B-452E-84ED-E6DE64C808F0}
		{658CE26D-8743-43BF-ACF8-49782CEB2613} = {370B9B4C-C75E-434B-806C-DE93D4C7B115}
		{26DB4D26-3238-4977-89F9-5AC5F7238370} = {370B9B4C-C75E-434B-806C-DE93D4C7B115}
		{D3345DC3-2F07-4A3C-89CE-6D83AA94559B} = {370B9B4C-C75E-434B-806C-DE93D4C7B115}
		{414972D4-E366-42B3-AF3F-69400D1F6555} = {370B9B4C-C75E-434B-806C-DE93D4C7B115}
		{E4A85ABC-A4BB-465E-B444-0ABA26CE9B12} = {370B9B4C-C75E-434B-806C-DE93D4C7B115}
		{52BE1909-31F3-49AE-AA0D-15823EFFED54} = {0C875496-1ED3-4ABD-8E66-B2D98098113E}
		{3F3B932E-6E24-4995-9E0C-4449CE03CBEA} = {0C875496-1ED3-4ABD-8E66-B2D98098113E}
		{18C91F38-3901-4552-9349-E1C15B272416} = {0C875496-1ED3-4ABD-8E66-B2D98098113E}
		{7D865176-2DF0-4119-A02D-16F1D5BD7D15} = {0C875496-1ED3-4ABD-8E66-B2D98098113E}
		{34431FB5-DE7D-419B-ACC9-C49A4E873BBD} = {0C875496-1ED3-4ABD-8E66-B2D98098113E}
	EndGlobalSection
	GlobalSection(ExtensibilityGlobals) = postSolution
		SolutionGuid = {2B544B8B-A9DA-42AF-B23F-CA5C79BA5F80}
	EndGlobalSection
EndGlobal
